
Microsoft Visual Studio Solution File, Format Version 12.00
# Visual Studio Version 16
VisualStudioVersion = 16.0.31829.152
MinimumVisualStudioVersion = 10.0.40219.1
Project("{FAE04EC0-301F-11D3-BF4B-00C04F79EFBC}") = "UI", "..\UI\UI.csproj", "{6644E403-CB19-4723-B3C2-02737DED5D0F}"
EndProject
Global
	GlobalSection(SolutionConfigurationPlatforms) = preSolution
		Debug|Any CPU = Debug|Any CPU
		Release|Any CPU = Release|Any CPU
	EndGlobalSection
	GlobalSection(ProjectConfigurationPlatforms) = postSolution
		{6644E403-CB19-4723-B3C2-02737DED5D0F}.Debug|Any CPU.ActiveCfg = Debug|Any CPU
		{6644E403-CB19-4723-B3C2-02737DED5D0F}.Debug|Any CPU.Build.0 = Debug|Any CPU
		{6644E403-CB19-4723-B3C2-02737DED5D0F}.Release|Any CPU.ActiveCfg = Release|Any CPU
		{6644E403-CB19-4723-B3C2-02737DED5D0F}.Release|Any CPU.Build.0 = Release|Any CPU
	EndGlobalSection
	GlobalSection(SolutionProperties) = preSolution
		HideSolutionNode = FALSE
	EndGlobalSection
	GlobalSection(ExtensibilityGlobals) = postSolution
		SolutionGuid = {DF335B58-4095-4315-B54A-CC7B21B9CED9}
	EndGlobalSection
EndGlobal
